
Microsoft Visual Studio Solution File, Format Version 12.00
# Visual Studio 15
VisualStudioVersion = 15.0.28307.438
MinimumVisualStudioVersion = 10.0.40219.1
Project("{9A19103F-16F7-4668-BE54-9A1E7A4F7556}") = "LeagueSandbox.GameServer.Lib", "LeagueSandbox.GameServer.Lib\LeagueSandbox.GameServer.Lib.csproj", "{0182AC99-BFE8-48B8-B8B5-BBEBD6A3B981}"
EndProject
Project("{9A19103F-16F7-4668-BE54-9A1E7A4F7556}") = "LeagueSandbox.GameServer.Networking", "LeagueSandbox.GameServer.Networking\LeagueSandbox.GameServer.Networking.csproj", "{8C3E5FF7-4206-42C0-95DA-B0F597B03E69}"
EndProject
Project("{9A19103F-16F7-4668-BE54-9A1E7A4F7556}") = "LeagueSandbox.GameServer.Core", "LeagueSandbox.GameServer.Core\LeagueSandbox.GameServer.Core.csproj", "{6BFC2085-914C-4FDF-8A2A-0DFDC88810E3}"
EndProject
Project("{9A19103F-16F7-4668-BE54-9A1E7A4F7556}") = "LeagueSandbox.GameServer.Host", "LeagueSandbox.GameServer.Host\LeagueSandbox.GameServer.Host.csproj", "{CCA42C04-8817-4848-B089-EAA84097CB62}"
EndProject
Project("{9A19103F-16F7-4668-BE54-9A1E7A4F7556}") = "LeagueSandbox.GameServer.Networking.Packets420", "LeagueSandbox.GameServer.Networking.Packets420\LeagueSandbox.GameServer.Networking.Packets420.csproj", "{5E4F8948-8E7B-4BD3-8E01-CD972F444F91}"
EndProject
Project("{2150E333-8FDC-42A3-9474-1A3956D46DE8}") = "LeagueSandbox.GameServer.Networking", "LeagueSandbox.GameServer.Networking", "{428CD163-BD37-4E78-9D9A-747F6FCCDF9D}"
EndProject
Project("{9A19103F-16F7-4668-BE54-9A1E7A4F7556}") = "LeagueSandbox.GameServer.Networking.Core", "LeagueSandbox.GameServer.Networking.Core\LeagueSandbox.GameServer.Networking.Core.csproj", "{8A44D3B7-0AE1-4C53-8BF1-F40F8175CB4C}"
EndProject
Project("{9A19103F-16F7-4668-BE54-9A1E7A4F7556}") = "LeagueSandbox.GameServer.Networking.Packets420.Tests", "LeagueSandbox.GameServer.Networking.Packets420.Tests\LeagueSandbox.GameServer.Networking.Packets420.Tests.csproj", "{941586E3-5173-4225-892C-CD24E43978B0}"
EndProject
Project("{9A19103F-16F7-4668-BE54-9A1E7A4F7556}") = "LeagueSandbox.GameServer.Lib.Tests", "LeagueSandbox.GameServer.Core.Tests\LeagueSandbox.GameServer.Lib.Tests.csproj", "{7F6277AA-1433-4BD9-A57F-29DD8EB6492A}"
EndProject
Project("{FAE04EC0-301F-11D3-BF4B-00C04F79EFBC}") = "LeagueSandbox.GameServer.Host.DotNet", "LeagueSandbox.GameServer.Host.DotNet\LeagueSandbox.GameServer.Host.DotNet.csproj", "{040D915D-DCE2-4E61-A172-FA8308606A84}"
EndProject
Global
	GlobalSection(SolutionConfigurationPlatforms) = preSolution
		Debug|Any CPU = Debug|Any CPU
		Release|Any CPU = Release|Any CPU
	EndGlobalSection
	GlobalSection(ProjectConfigurationPlatforms) = postSolution
		{0182AC99-BFE8-48B8-B8B5-BBEBD6A3B981}.Debug|Any CPU.ActiveCfg = Debug|Any CPU
		{0182AC99-BFE8-48B8-B8B5-BBEBD6A3B981}.Debug|Any CPU.Build.0 = Debug|Any CPU
		{0182AC99-BFE8-48B8-B8B5-BBEBD6A3B981}.Release|Any CPU.ActiveCfg = Release|Any CPU
		{0182AC99-BFE8-48B8-B8B5-BBEBD6A3B981}.Release|Any CPU.Build.0 = Release|Any CPU
		{8C3E5FF7-4206-42C0-95DA-B0F597B03E69}.Debug|Any CPU.ActiveCfg = Debug|Any CPU
		{8C3E5FF7-4206-42C0-95DA-B0F597B03E69}.Debug|Any CPU.Build.0 = Debug|Any CPU
		{8C3E5FF7-4206-42C0-95DA-B0F597B03E69}.Release|Any CPU.ActiveCfg = Release|Any CPU
		{8C3E5FF7-4206-42C0-95DA-B0F597B03E69}.Release|Any CPU.Build.0 = Release|Any CPU
		{6BFC2085-914C-4FDF-8A2A-0DFDC88810E3}.Debug|Any CPU.ActiveCfg = Debug|Any CPU
		{6BFC2085-914C-4FDF-8A2A-0DFDC88810E3}.Debug|Any CPU.Build.0 = Debug|Any CPU
		{6BFC2085-914C-4FDF-8A2A-0DFDC88810E3}.Release|Any CPU.ActiveCfg = Release|Any CPU
		{6BFC2085-914C-4FDF-8A2A-0DFDC88810E3}.Release|Any CPU.Build.0 = Release|Any CPU
		{CCA42C04-8817-4848-B089-EAA84097CB62}.Debug|Any CPU.ActiveCfg = Debug|Any CPU
		{CCA42C04-8817-4848-B089-EAA84097CB62}.Debug|Any CPU.Build.0 = Debug|Any CPU
		{CCA42C04-8817-4848-B089-EAA84097CB62}.Release|Any CPU.ActiveCfg = Release|Any CPU
		{CCA42C04-8817-4848-B089-EAA84097CB62}.Release|Any CPU.Build.0 = Release|Any CPU
		{5E4F8948-8E7B-4BD3-8E01-CD972F444F91}.Debug|Any CPU.ActiveCfg = Debug|Any CPU
		{5E4F8948-8E7B-4BD3-8E01-CD972F444F91}.Debug|Any CPU.Build.0 = Debug|Any CPU
		{5E4F8948-8E7B-4BD3-8E01-CD972F444F91}.Release|Any CPU.ActiveCfg = Release|Any CPU
		{5E4F8948-8E7B-4BD3-8E01-CD972F444F91}.Release|Any CPU.Build.0 = Release|Any CPU
		{8A44D3B7-0AE1-4C53-8BF1-F40F8175CB4C}.Debug|Any CPU.ActiveCfg = Debug|Any CPU
		{8A44D3B7-0AE1-4C53-8BF1-F40F8175CB4C}.Debug|Any CPU.Build.0 = Debug|Any CPU
		{8A44D3B7-0AE1-4C53-8BF1-F40F8175CB4C}.Release|Any CPU.ActiveCfg = Release|Any CPU
		{8A44D3B7-0AE1-4C53-8BF1-F40F8175CB4C}.Release|Any CPU.Build.0 = Release|Any CPU
		{941586E3-5173-4225-892C-CD24E43978B0}.Debug|Any CPU.ActiveCfg = Debug|Any CPU
		{941586E3-5173-4225-892C-CD24E43978B0}.Debug|Any CPU.Build.0 = Debug|Any CPU
		{941586E3-5173-4225-892C-CD24E43978B0}.Release|Any CPU.ActiveCfg = Release|Any CPU
		{941586E3-5173-4225-892C-CD24E43978B0}.Release|Any CPU.Build.0 = Release|Any CPU
		{7F6277AA-1433-4BD9-A57F-29DD8EB6492A}.Debug|Any CPU.ActiveCfg = Debug|Any CPU
		{7F6277AA-1433-4BD9-A57F-29DD8EB6492A}.Debug|Any CPU.Build.0 = Debug|Any CPU
		{7F6277AA-1433-4BD9-A57F-29DD8EB6492A}.Release|Any CPU.ActiveCfg = Release|Any CPU
		{7F6277AA-1433-4BD9-A57F-29DD8EB6492A}.Release|Any CPU.Build.0 = Release|Any CPU
		{040D915D-DCE2-4E61-A172-FA8308606A84}.Debug|Any CPU.ActiveCfg = Debug|Any CPU
		{040D915D-DCE2-4E61-A172-FA8308606A84}.Debug|Any CPU.Build.0 = Debug|Any CPU
		{040D915D-DCE2-4E61-A172-FA8308606A84}.Release|Any CPU.ActiveCfg = Release|Any CPU
		{040D915D-DCE2-4E61-A172-FA8308606A84}.Release|Any CPU.Build.0 = Release|Any CPU
	EndGlobalSection
	GlobalSection(SolutionProperties) = preSolution
		HideSolutionNode = FALSE
	EndGlobalSection
	GlobalSection(NestedProjects) = preSolution
		{8C3E5FF7-4206-42C0-95DA-B0F597B03E69} = {428CD163-BD37-4E78-9D9A-747F6FCCDF9D}
		{5E4F8948-8E7B-4BD3-8E01-CD972F444F91} = {428CD163-BD37-4E78-9D9A-747F6FCCDF9D}
		{8A44D3B7-0AE1-4C53-8BF1-F40F8175CB4C} = {428CD163-BD37-4E78-9D9A-747F6FCCDF9D}
		{941586E3-5173-4225-892C-CD24E43978B0} = {428CD163-BD37-4E78-9D9A-747F6FCCDF9D}
	EndGlobalSection
	GlobalSection(ExtensibilityGlobals) = postSolution
		SolutionGuid = {82645B99-E999-4DC3-9332-47C81C95F9F5}
	EndGlobalSection
EndGlobal
